
Microsoft Visual Studio Solution File, Format Version 12.00
# Visual Studio Version 16
VisualStudioVersion = 16.0.28803.452
MinimumVisualStudioVersion = 10.0.40219.1
Project("{FAE04EC0-301F-11D3-BF4B-00C04F79EFBC}") = "ProgressBar", "ProgressBar\ProgressBar.csproj", "{DBF1CD58-1A95-4D12-A0B2-91D1864C09A0}"
EndProject
Global
	GlobalSection(SolutionConfigurationPlatforms) = preSolution
		Debug|Any CPU = Debug|Any CPU
		Release|Any CPU = Release|Any CPU
	EndGlobalSection
	GlobalSection(ProjectConfigurationPlatforms) = postSolution
		{DBF1CD58-1A95-4D12-A0B2-91D1864C09A0}.Debug|Any CPU.ActiveCfg = Debug|Any CPU
		{DBF1CD58-1A95-4D12-A0B2-91D1864C09A0}.Debug|Any CPU.Build.0 = Debug|Any CPU
		{DBF1CD58-1A95-4D12-A0B2-91D1864C09A0}.Release|Any CPU.ActiveCfg = Release|Any CPU
		{DBF1CD58-1A95-4D12-A0B2-91D1864C09A0}.Release|Any CPU.Build.0 = Release|Any CPU
	EndGlobalSection
	GlobalSection(SolutionProperties) = preSolution
		HideSolutionNode = FALSE
	EndGlobalSection
	GlobalSection(ExtensibilityGlobals) = postSolution
		SolutionGuid = {0F2F9213-A776-420B-A66B-B1A10B9689C1}
	EndGlobalSection
EndGlobal
